
Microsoft Visual Studio Solution File, Format Version 12.00
# Visual Studio 14
VisualStudioVersion = 14.0.24720.0
MinimumVisualStudioVersion = 10.0.40219.1
Project("{2150E333-8FDC-42A3-9474-1A3956D46DE8}") = ".nuget", ".nuget", "{4F9E338C-45F7-40EF-A7D2-793F392263ED}"
	ProjectSection(SolutionItems) = preProject
		.nuget\NuGet.Config = .nuget\NuGet.Config
		.nuget\NuGet.exe = .nuget\NuGet.exe
		.nuget\NuGet.targets = .nuget\NuGet.targets
	EndProjectSection
EndProject
Project("{FAE04EC0-301F-11D3-BF4B-00C04F79EFBC}") = "Checkout.ApiClient.Net45", "Checkout.ApiClient.Net45\Checkout.ApiClient.Net45.csproj", "{1C69B996-8AB6-4BA2-A5AE-58A350CBB34B}"
EndProject
Project("{FAE04EC0-301F-11D3-BF4B-00C04F79EFBC}") = "Checkout.ApiClient.Net45.Tests", "Checkout.ApiClient.Tests\Checkout.ApiClient.Net45.Tests.csproj", "{EC891A3C-20BF-4AB7-9B39-6C4120F99EB2}"
EndProject
Project("{FAE04EC0-301F-11D3-BF4B-00C04F79EFBC}") = "ShoppingListAPI", "ShoppingListAPI\ShoppingListAPI.csproj", "{0BC136BF-D004-49D6-A9E2-8A70A47B1B57}"
EndProject
Project("{FAE04EC0-301F-11D3-BF4B-00C04F79EFBC}") = "ShoppingListAPI.Tests", "ShoppingListAPI.Tests\ShoppingListAPI.Tests.csproj", "{88492F18-EA4B-4ACE-B21C-8620D854A9E5}"
EndProject
Project("{2150E333-8FDC-42A3-9474-1A3956D46DE8}") = "Client", "Client", "{0249FAF5-BC18-4037-8C33-D8A17CECA1AA}"
EndProject
Project("{2150E333-8FDC-42A3-9474-1A3956D46DE8}") = "Server", "Server", "{86768ED0-9514-4AA2-8BA8-5AF4FD80E967}"
EndProject
Project("{FAE04EC0-301F-11D3-BF4B-00C04F79EFBC}") = "Repository", "Repository\Repository.csproj", "{351F2F52-F9F8-45EE-9695-86F00F97E82D}"
EndProject
Project("{2150E333-8FDC-42A3-9474-1A3956D46DE8}") = "API", "API", "{97CFB75C-D2F6-4648-A1A0-70A4077D35BA}"
EndProject
Project("{2150E333-8FDC-42A3-9474-1A3956D46DE8}") = "Data Access", "Data Access", "{A81AD4A5-2DA5-4B3A-8DDC-D4072F0FFB62}"
EndProject
Project("{FAE04EC0-301F-11D3-BF4B-00C04F79EFBC}") = "RepositoryTests", "RepositoryTests\RepositoryTests.csproj", "{85F96462-BC73-4DBF-B4DF-FC0177DDEA41}"
EndProject
Global
	GlobalSection(SolutionConfigurationPlatforms) = preSolution
		Debug|Any CPU = Debug|Any CPU
		Release|Any CPU = Release|Any CPU
	EndGlobalSection
	GlobalSection(ProjectConfigurationPlatforms) = postSolution
		{1C69B996-8AB6-4BA2-A5AE-58A350CBB34B}.Debug|Any CPU.ActiveCfg = Debug|Any CPU
		{1C69B996-8AB6-4BA2-A5AE-58A350CBB34B}.Debug|Any CPU.Build.0 = Debug|Any CPU
		{1C69B996-8AB6-4BA2-A5AE-58A350CBB34B}.Release|Any CPU.ActiveCfg = Release|Any CPU
		{1C69B996-8AB6-4BA2-A5AE-58A350CBB34B}.Release|Any CPU.Build.0 = Release|Any CPU
		{EC891A3C-20BF-4AB7-9B39-6C4120F99EB2}.Debug|Any CPU.ActiveCfg = Debug|Any CPU
		{EC891A3C-20BF-4AB7-9B39-6C4120F99EB2}.Debug|Any CPU.Build.0 = Debug|Any CPU
		{EC891A3C-20BF-4AB7-9B39-6C4120F99EB2}.Release|Any CPU.ActiveCfg = Release|Any CPU
		{EC891A3C-20BF-4AB7-9B39-6C4120F99EB2}.Release|Any CPU.Build.0 = Release|Any CPU
		{0BC136BF-D004-49D6-A9E2-8A70A47B1B57}.Debug|Any CPU.ActiveCfg = Debug|Any CPU
		{0BC136BF-D004-49D6-A9E2-8A70A47B1B57}.Debug|Any CPU.Build.0 = Debug|Any CPU
		{0BC136BF-D004-49D6-A9E2-8A70A47B1B57}.Release|Any CPU.ActiveCfg = Release|Any CPU
		{0BC136BF-D004-49D6-A9E2-8A70A47B1B57}.Release|Any CPU.Build.0 = Release|Any CPU
		{88492F18-EA4B-4ACE-B21C-8620D854A9E5}.Debug|Any CPU.ActiveCfg = Debug|Any CPU
		{88492F18-EA4B-4ACE-B21C-8620D854A9E5}.Debug|Any CPU.Build.0 = Debug|Any CPU
		{88492F18-EA4B-4ACE-B21C-8620D854A9E5}.Release|Any CPU.ActiveCfg = Release|Any CPU
		{88492F18-EA4B-4ACE-B21C-8620D854A9E5}.Release|Any CPU.Build.0 = Release|Any CPU
		{351F2F52-F9F8-45EE-9695-86F00F97E82D}.Debug|Any CPU.ActiveCfg = Debug|Any CPU
		{351F2F52-F9F8-45EE-9695-86F00F97E82D}.Debug|Any CPU.Build.0 = Debug|Any CPU
		{351F2F52-F9F8-45EE-9695-86F00F97E82D}.Release|Any CPU.ActiveCfg = Release|Any CPU
		{351F2F52-F9F8-45EE-9695-86F00F97E82D}.Release|Any CPU.Build.0 = Release|Any CPU
		{85F96462-BC73-4DBF-B4DF-FC0177DDEA41}.Debug|Any CPU.ActiveCfg = Debug|Any CPU
		{85F96462-BC73-4DBF-B4DF-FC0177DDEA41}.Debug|Any CPU.Build.0 = Debug|Any CPU
		{85F96462-BC73-4DBF-B4DF-FC0177DDEA41}.Release|Any CPU.ActiveCfg = Release|Any CPU
		{85F96462-BC73-4DBF-B4DF-FC0177DDEA41}.Release|Any CPU.Build.0 = Release|Any CPU
	EndGlobalSection
	GlobalSection(SolutionProperties) = preSolution
		HideSolutionNode = FALSE
	EndGlobalSection
	GlobalSection(NestedProjects) = preSolution
		{1C69B996-8AB6-4BA2-A5AE-58A350CBB34B} = {0249FAF5-BC18-4037-8C33-D8A17CECA1AA}
		{EC891A3C-20BF-4AB7-9B39-6C4120F99EB2} = {0249FAF5-BC18-4037-8C33-D8A17CECA1AA}
		{0BC136BF-D004-49D6-A9E2-8A70A47B1B57} = {97CFB75C-D2F6-4648-A1A0-70A4077D35BA}
		{88492F18-EA4B-4ACE-B21C-8620D854A9E5} = {97CFB75C-D2F6-4648-A1A0-70A4077D35BA}
		{351F2F52-F9F8-45EE-9695-86F00F97E82D} = {A81AD4A5-2DA5-4B3A-8DDC-D4072F0FFB62}
		{97CFB75C-D2F6-4648-A1A0-70A4077D35BA} = {86768ED0-9514-4AA2-8BA8-5AF4FD80E967}
		{A81AD4A5-2DA5-4B3A-8DDC-D4072F0FFB62} = {86768ED0-9514-4AA2-8BA8-5AF4FD80E967}
		{85F96462-BC73-4DBF-B4DF-FC0177DDEA41} = {A81AD4A5-2DA5-4B3A-8DDC-D4072F0FFB62}
	EndGlobalSection
EndGlobal
